{
  "name": "newcar-local-template",
  "version": "1.0.0",
  "lockfileVersion": 3,
  "requires": true,
  "packages": {
    "": {
      "name": "newcar-local-template",
      "version": "1.0.0",
      "license": "ISC",
      "dependencies": {
        "canvaskit-wasm": "^0.39.1",
        "newcar": "^0.14.2"
      }
    },
    "node_modules/@newcar/basic": {
      "version": "0.14.2",
      "resolved": "https://registry.npmjs.org/@newcar/basic/-/basic-0.14.2.tgz",
      "integrity": "sha512-iPK9YbEo5dLXjvW5BRu3pxlPDf++oVOV5P0Fi6UkUkdI1/JElyLvhkdDBSHcaHMqdeZlU+yU8ahuqyB46TBFJg==",
      "dependencies": {
        "@newcar/core": "0.14.2",
        "@newcar/utils": "0.14.2"
      },
      "peerDependencies": {
        "canvaskit-wasm": ">=0.39.1"
      }
    },
    "node_modules/@newcar/core": {
      "version": "0.14.2",
      "resolved": "https://registry.npmjs.org/@newcar/core/-/core-0.14.2.tgz",
      "integrity": "sha512-VdkDYgKOu/XXu3hHBQfc0YbjLuq19S8BisUcarWa9CET500nVC6mX04YQlLr9YzcZF1r2T3F8DhSdUeyy5w7aA==",
      "dependencies": {
        "@newcar/utils": "0.14.2",
        "mitt": "^3.0.1"
      },
      "peerDependencies": {
        "canvaskit-wasm": ">=0.39.1"
      }
    },
    "node_modules/@newcar/recorder": {
      "version": "0.14.2",
      "resolved": "https://registry.npmjs.org/@newcar/recorder/-/recorder-0.14.2.tgz",
      "integrity": "sha512-f1GlFiTO/YDOY2PqINd20mGbUCnabsclcY33t34beBL/gcXbgV3/D13MwTwg5XVa8J5tfMMgZwnatTxpzukKIw=="
    },
    "node_modules/@newcar/utils": {
      "version": "0.14.2",
      "resolved": "https://registry.npmjs.org/@newcar/utils/-/utils-0.14.2.tgz",
      "integrity": "sha512-IJKzFuHcjEVSWjPYCUKdtktpZkzgjRUUoiCqEInHvnudCUtmSot/O9ggHbe8G79VIUhfz8tIOxFC8H5dw5Z+zw==",
      "dependencies": {
        "colorparsley": "^0.1.8"
      },
      "peerDependencies": {
        "canvaskit-wasm": ">=0.39.1"
      }
    },
    "node_modules/@webgpu/types": {
      "version": "0.1.21",
      "resolved": "https://registry.npmjs.org/@webgpu/types/-/types-0.1.21.tgz",
      "integrity": "sha512-pUrWq3V5PiSGFLeLxoGqReTZmiiXwY3jRkIG5sLLKjyqNxrwm/04b4nw7LSmGWJcKk59XOM/YRTUwOzo4MMlow=="
    },
    "node_modules/canvaskit-wasm": {
      "version": "0.39.1",
      "resolved": "https://registry.npmjs.org/canvaskit-wasm/-/canvaskit-wasm-0.39.1.tgz",
      "integrity": "sha512-Gy3lCmhUdKq+8bvDrs9t8+qf7RvcjuQn+we7vTVVyqgOVO1UVfHpsnBxkTZw+R4ApEJ3D5fKySl9TU11hmjl/A==",
      "dependencies": {
        "@webgpu/types": "0.1.21"
      }
    },
    "node_modules/colorparsley": {
      "version": "0.1.8",
      "resolved": "https://registry.npmjs.org/colorparsley/-/colorparsley-0.1.8.tgz",
      "integrity": "sha512-rObESTTTE6G5qO5WFwFxWPggpw4KfpxnLC6Ssl8bITBnNVRhDsyCeTRAUxWQNVTx2pRknKlO2nddYTxjkdNFaw=="
    },
    "node_modules/mitt": {
      "version": "3.0.1",
      "resolved": "https://registry.npmjs.org/mitt/-/mitt-3.0.1.tgz",
      "integrity": "sha512-vKivATfr97l2/QBCYAkXYDbrIWPM2IIKEl7YPhjCvKlG3kE2gm+uBo6nEXK3M5/Ffh/FLpKExzOQ3JJoJGFKBw=="
    },
    "node_modules/newcar": {
      "version": "0.14.2",
      "resolved": "https://registry.npmjs.org/newcar/-/newcar-0.14.2.tgz",
      "integrity": "sha512-N4w64LpdH6hBBrXDE4SCgpzoxMZhQysr2catEtWx9XZmMb7CBMb6Ik5SKR3LNcmAZfKmSrBI/0MUOyRoCHCPpg==",
      "dependencies": {
        "@newcar/basic": "0.14.2",
        "@newcar/core": "0.14.2",
        "@newcar/recorder": "0.14.2",
        "@newcar/utils": "0.14.2"
      },
      "peerDependencies": {
        "canvaskit-wasm": ">=0.39.1"
      }
    }
  }
}
